{
  "requires": true,
  "lockfileVersion": 1,
  "dependencies": {
    "fundebug-javascript": {
      "version": "2.0.0",
      "resolved": "https://registry.npm.taobao.org/fundebug-javascript/download/fundebug-javascript-2.0.0.tgz",
      "integrity": "sha1-2mMJXRSTFBD4Nou6e8A+nKbAGtg="
    }
  }
}
